
Microsoft Visual Studio Solution File, Format Version 12.00
# Visual Studio Version 17
VisualStudioVersion = 17.3.32929.385
MinimumVisualStudioVersion = 10.0.40219.1
Project("{FAE04EC0-301F-11D3-BF4B-00C04F79EFBC}") = "FilmesAPI", "FilmesAPI\FilmesAPI.csproj", "{7CEA45F3-BDEC-496C-9A56-ACA8DAF7546D}"
EndProject
Global
	GlobalSection(SolutionConfigurationPlatforms) = preSolution
		Debug|Any CPU = Debug|Any CPU
		Release|Any CPU = Release|Any CPU
	EndGlobalSection
	GlobalSection(ProjectConfigurationPlatforms) = postSolution
		{7CEA45F3-BDEC-496C-9A56-ACA8DAF7546D}.Debug|Any CPU.ActiveCfg = Debug|Any CPU
		{7CEA45F3-BDEC-496C-9A56-ACA8DAF7546D}.Debug|Any CPU.Build.0 = Debug|Any CPU
		{7CEA45F3-BDEC-496C-9A56-ACA8DAF7546D}.Release|Any CPU.ActiveCfg = Release|Any CPU
		{7CEA45F3-BDEC-496C-9A56-ACA8DAF7546D}.Release|Any CPU.Build.0 = Release|Any CPU
	EndGlobalSection
	GlobalSection(SolutionProperties) = preSolution
		HideSolutionNode = FALSE
	EndGlobalSection
	GlobalSection(ExtensibilityGlobals) = postSolution
		SolutionGuid = {609601DB-CC27-4A92-A9F7-8113FD61EF65}
	EndGlobalSection
EndGlobal
